
Microsoft Visual Studio Solution File, Format Version 12.00
# Visual Studio Version 16
VisualStudioVersion = 16.0.31702.278
MinimumVisualStudioVersion = 10.0.40219.1
Project("{E53339B2-1760-4266-BCC7-CA923CBCF16C}") = "docker-compose", "docker-compose.dcproj", "{C46E1B3F-4656-4CD3-B90A-49D5D4FE9E76}"
EndProject
Project("{2150E333-8FDC-42A3-9474-1A3956D46DE8}") = "services", "services", "{8CA3A123-DE8E-4FF2-8C0F-94802E7B5F7B}"
EndProject
Project("{9A19103F-16F7-4668-BE54-9A1E7A4F7556}") = "ApiGateway", "src\services\ApiGateway\ApiGateway.csproj", "{C316B32B-D4AD-4FB1-82A5-51EF111A31CA}"
EndProject
Project("{9A19103F-16F7-4668-BE54-9A1E7A4F7556}") = "Web.Mvc", "src\services\Web.MVC\Web.Mvc\Web.Mvc.csproj", "{C075C08A-8424-4037-A8C1-4D0D0718D9D6}"
EndProject
Project("{FAE04EC0-301F-11D3-BF4B-00C04F79EFBC}") = "Items.API", "src\services\Items.API\Items.API\Items.API.csproj", "{EF90E34C-F26B-4E1B-8A49-A637BAFF7859}"
EndProject
Project("{FAE04EC0-301F-11D3-BF4B-00C04F79EFBC}") = "IdentityServer", "src\services\IdentityServer\IdentityServer.csproj", "{0B26F386-E70F-485B-A661-C97F73FA4A7B}"
EndProject
Global
	GlobalSection(SolutionConfigurationPlatforms) = preSolution
		Debug|Any CPU = Debug|Any CPU
		Release|Any CPU = Release|Any CPU
	EndGlobalSection
	GlobalSection(ProjectConfigurationPlatforms) = postSolution
		{C46E1B3F-4656-4CD3-B90A-49D5D4FE9E76}.Debug|Any CPU.ActiveCfg = Debug|Any CPU
		{C46E1B3F-4656-4CD3-B90A-49D5D4FE9E76}.Debug|Any CPU.Build.0 = Debug|Any CPU
		{C46E1B3F-4656-4CD3-B90A-49D5D4FE9E76}.Release|Any CPU.ActiveCfg = Release|Any CPU
		{C46E1B3F-4656-4CD3-B90A-49D5D4FE9E76}.Release|Any CPU.Build.0 = Release|Any CPU
		{C316B32B-D4AD-4FB1-82A5-51EF111A31CA}.Debug|Any CPU.ActiveCfg = Debug|Any CPU
		{C316B32B-D4AD-4FB1-82A5-51EF111A31CA}.Debug|Any CPU.Build.0 = Debug|Any CPU
		{C316B32B-D4AD-4FB1-82A5-51EF111A31CA}.Release|Any CPU.ActiveCfg = Release|Any CPU
		{C316B32B-D4AD-4FB1-82A5-51EF111A31CA}.Release|Any CPU.Build.0 = Release|Any CPU
		{C075C08A-8424-4037-A8C1-4D0D0718D9D6}.Debug|Any CPU.ActiveCfg = Debug|Any CPU
		{C075C08A-8424-4037-A8C1-4D0D0718D9D6}.Debug|Any CPU.Build.0 = Debug|Any CPU
		{C075C08A-8424-4037-A8C1-4D0D0718D9D6}.Release|Any CPU.ActiveCfg = Release|Any CPU
		{C075C08A-8424-4037-A8C1-4D0D0718D9D6}.Release|Any CPU.Build.0 = Release|Any CPU
		{EF90E34C-F26B-4E1B-8A49-A637BAFF7859}.Debug|Any CPU.ActiveCfg = Debug|Any CPU
		{EF90E34C-F26B-4E1B-8A49-A637BAFF7859}.Debug|Any CPU.Build.0 = Debug|Any CPU
		{EF90E34C-F26B-4E1B-8A49-A637BAFF7859}.Release|Any CPU.ActiveCfg = Release|Any CPU
		{EF90E34C-F26B-4E1B-8A49-A637BAFF7859}.Release|Any CPU.Build.0 = Release|Any CPU
		{0B26F386-E70F-485B-A661-C97F73FA4A7B}.Debug|Any CPU.ActiveCfg = Debug|Any CPU
		{0B26F386-E70F-485B-A661-C97F73FA4A7B}.Debug|Any CPU.Build.0 = Debug|Any CPU
		{0B26F386-E70F-485B-A661-C97F73FA4A7B}.Release|Any CPU.ActiveCfg = Release|Any CPU
		{0B26F386-E70F-485B-A661-C97F73FA4A7B}.Release|Any CPU.Build.0 = Release|Any CPU
	EndGlobalSection
	GlobalSection(SolutionProperties) = preSolution
		HideSolutionNode = FALSE
	EndGlobalSection
	GlobalSection(NestedProjects) = preSolution
		{C316B32B-D4AD-4FB1-82A5-51EF111A31CA} = {8CA3A123-DE8E-4FF2-8C0F-94802E7B5F7B}
		{C075C08A-8424-4037-A8C1-4D0D0718D9D6} = {8CA3A123-DE8E-4FF2-8C0F-94802E7B5F7B}
		{EF90E34C-F26B-4E1B-8A49-A637BAFF7859} = {8CA3A123-DE8E-4FF2-8C0F-94802E7B5F7B}
		{0B26F386-E70F-485B-A661-C97F73FA4A7B} = {8CA3A123-DE8E-4FF2-8C0F-94802E7B5F7B}
	EndGlobalSection
	GlobalSection(ExtensibilityGlobals) = postSolution
		SolutionGuid = {B1D84292-1D70-4A01-8531-6D3CF6FE81E2}
	EndGlobalSection
EndGlobal
